
Microsoft Visual Studio Solution File, Format Version 12.00
# Visual Studio Version 17
VisualStudioVersion = 17.4.33110.190
MinimumVisualStudioVersion = 10.0.40219.1
Project("{FAE04EC0-301F-11D3-BF4B-00C04F79EFBC}") = "Chuong4_Bai2", "Chuong4_Bai2.csproj", "{C142ADC6-7A9C-4CC8-BC3F-FDC88E681F4A}"
EndProject
Global
	GlobalSection(SolutionConfigurationPlatforms) = preSolution
		Debug|Any CPU = Debug|Any CPU
		Release|Any CPU = Release|Any CPU
	EndGlobalSection
	GlobalSection(ProjectConfigurationPlatforms) = postSolution
		{C142ADC6-7A9C-4CC8-BC3F-FDC88E681F4A}.Debug|Any CPU.ActiveCfg = Debug|Any CPU
		{C142ADC6-7A9C-4CC8-BC3F-FDC88E681F4A}.Debug|Any CPU.Build.0 = Debug|Any CPU
		{C142ADC6-7A9C-4CC8-BC3F-FDC88E681F4A}.Release|Any CPU.ActiveCfg = Release|Any CPU
		{C142ADC6-7A9C-4CC8-BC3F-FDC88E681F4A}.Release|Any CPU.Build.0 = Release|Any CPU
	EndGlobalSection
	GlobalSection(SolutionProperties) = preSolution
		HideSolutionNode = FALSE
	EndGlobalSection
	GlobalSection(ExtensibilityGlobals) = postSolution
		SolutionGuid = {C49B2D5C-7506-4CA6-97D6-92EDA05B2060}
	EndGlobalSection
EndGlobal
